// !$*UTF8*$!
{
	archiveVersion = 1;
	classes = {
	};
	objectVersion = 50;
	objects = {

/* Begin PBXBuildFile section */
		9B61D4B020DC6C2A00235BFC /* ConversionViewController.swift in Sources */ = {isa = PBXBuildFile; fileRef = 9B61D4AF20DC6C2A00235BFC /* ConversionViewController.swift */; };
		9B8C0B0F20DB21990046379F /* AppDelegate.swift in Sources */ = {isa = PBXBuildFile; fileRef = 9B8C0B0E20DB21990046379F /* AppDelegate.swift */; };
		9B8C0B1420DB219A0046379F /* Main.storyboard in Resources */ = {isa = PBXBuildFile; fileRef = 9B8C0B1220DB219A0046379F /* Main.storyboard */; };
		9B8C0B1620DB219A0046379F /* Assets.xcassets in Resources */ = {isa = PBXBuildFile; fileRef = 9B8C0B1520DB219A0046379F /* Assets.xcassets */; };
		9B8C0B1920DB219A0046379F /* LaunchScreen.storyboard in Resources */ = {isa = PBXBuildFile; fileRef = 9B8C0B1720DB219A0046379F /* LaunchScreen.storyboard */; };
		9B8C0B2420DB219B0046379F /* WorldTrotterTests.swift in Sources */ = {isa = PBXBuildFile; fileRef = 9B8C0B2320DB219B0046379F /* WorldTrotterTests.swift */; };
		9B8C0B2F20DB219B0046379F /* WorldTrotterUITests.swift in Sources */ = {isa = PBXBuildFile; fileRef = 9B8C0B2E20DB219B0046379F /* WorldTrotterUITests.swift */; };
		9BD18F4520E5DC2C00C582AE /* MapViewController.swift in Sources */ = {isa = PBXBuildFile; fileRef = 9BD18F4420E5DC2C00C582AE /* MapViewController.swift */; };
/* End PBXBuildFile section */

/* Begin PBXContainerItemProxy section */
		9B8C0B2020DB219B0046379F /* PBXContainerItemProxy */ = {
			isa = PBXContainerItemProxy;
			containerPortal = 9B8C0B0320DB21990046379F /* Project object */;
			proxyType = 1;
			remoteGlobalIDString = 9B8C0B0A20DB21990046379F;
			remoteInfo = WorldTrotter;
		};
		9B8C0B2B20DB219B0046379F /* PBXContainerItemProxy */ = {
			isa = PBXContainerItemProxy;
			containerPortal = 9B8C0B0320DB21990046379F /* Project object */;
			proxyType = 1;
			remoteGlobalIDString = 9B8C0B0A20DB21990046379F;
			remoteInfo = WorldTrotter;
		};
/* End PBXContainerItemProxy section */

/* Begin PBXFileReference section */
		9B61D4AF20DC6C2A00235BFC /* ConversionViewController.swift */ = {isa = PBXFileReference; lastKnownFileType = sourcecode.swift; path = ConversionViewController.swift; sourceTree = "<group>"; };
		9B8C0B0B20DB21990046379F /* WorldTrotter.app */ = {isa = PBXFileReference; explicitFileType = wrapper.application; includeInIndex = 0; path = WorldTrotter.app; sourceTree = BUILT_PRODUCTS_DIR; };
		9B8C0B0E20DB21990046379F /* AppDelegate.swift */ = {isa = PBXFileReference; lastKnownFileType = sourcecode.swift; path = AppDelegate.swift; sourceTree = "<group>"; };
		9B8C0B1320DB219A0046379F /* Base */ = {isa = PBXFileReference; lastKnownFileType = file.storyboard; name = Base; path = Base.lproj/Main.storyboard; sourceTree = "<group>"; };
		9B8C0B1520DB219A0046379F /* Assets.xcassets */ = {isa = PBXFileReference; lastKnownFileType = folder.assetcatalog; path = Assets.xcassets; sourceTree = "<group>"; };
		9B8C0B1820DB219A0046379F /* Base */ = {isa = PBXFileReference; lastKnownFileType = file.storyboard; name = Base; path = Base.lproj/LaunchScreen.storyboard; sourceTree = "<group>"; };
		9B8C0B1A20DB219A0046379F /* Info.plist */ = {isa = PBXFileReference; lastKnownFileType = text.plist.xml; path = Info.plist; sourceTree = "<group>"; };
		9B8C0B1F20DB219B0046379F /* WorldTrotterTests.xctest */ = {isa = PBXFileReference; explicitFileType = wrapper.cfbundle; includeInIndex = 0; path = WorldTrotterTests.xctest; sourceTree = BUILT_PRODUCTS_DIR; };
		9B8C0B2320DB219B0046379F /* WorldTrotterTests.swift */ = {isa = PBXFileReference; lastKnownFileType = sourcecode.swift; path = WorldTrotterTests.swift; sourceTree = "<group>"; };
		9B8C0B2520DB219B0046379F /* Info.plist */ = {isa = PBXFileReference; lastKnownFileType = text.plist.xml; path = Info.plist; sourceTree = "<group>"; };
		9B8C0B2A20DB219B0046379F /* WorldTrotterUITests.xctest */ = {isa = PBXFileReference; explicitFileType = wrapper.cfbundle; includeInIndex = 0; path = WorldTrotterUITests.xctest; sourceTree = BUILT_PRODUCTS_DIR; };
		9B8C0B2E20DB219B0046379F /* WorldTrotterUITests.swift */ = {isa = PBXFileReference; lastKnownFileType = sourcecode.swift; path = WorldTrotterUITests.swift; sourceTree = "<group>"; };
		9B8C0B3020DB219B0046379F /* Info.plist */ = {isa = PBXFileReference; lastKnownFileType = text.plist.xml; path = Info.plist; sourceTree = "<group>"; };
		9BD18F4420E5DC2C00C582AE /* MapViewController.swift */ = {isa = PBXFileReference; lastKnownFileType = sourcecode.swift; path = MapViewController.swift; sourceTree = "<group>"; };
/* End PBXFileReference section */

/* Begin PBXFrameworksBuildPhase section */
		9B8C0B0820DB21990046379F /* Frameworks */ = {
			isa = PBXFrameworksBuildPhase;
			buildActionMask = 2147483647;
			files = (
			);
			runOnlyForDeploymentPostprocessing = 0;
		};
		9B8C0B1C20DB219B0046379F /* Frameworks */ = {
			isa = PBXFrameworksBuildPhase;
			buildActionMask = 2147483647;
			files = (
			);
			runOnlyForDeploymentPostprocessing = 0;
		};
		9B8C0B2720DB219B0046379F /* Frameworks */ = {
			isa = PBXFrameworksBuildPhase;
			buildActionMask = 2147483647;
			files = (
			);
			runOnlyForDeploymentPostprocessing = 0;
		};
/* End PBXFrameworksBuildPhase section */

/* Begin PBXGroup section */
		9B8C0B0220DB21990046379F = {
			isa = PBXGroup;
			children = (
				9B8C0B0D20DB21990046379F /* WorldTrotter */,
				9B8C0B2220DB219B0046379F /* WorldTrotterTests */,
				9B8C0B2D20DB219B0046379F /* WorldTrotterUITests */,
				9B8C0B0C20DB21990046379F /* Products */,
			);
			sourceTree = "<group>";
		};
		9B8C0B0C20DB21990046379F /* Products */ = {
			isa = PBXGroup;
			children = (
				9B8C0B0B20DB21990046379F /* WorldTrotter.app */,
				9B8C0B1F20DB219B0046379F /* WorldTrotterTests.xctest */,
				9B8C0B2A20DB219B0046379F /* WorldTrotterUITests.xctest */,
			);
			name = Products;
			sourceTree = "<group>";
		};
		9B8C0B0D20DB21990046379F /* WorldTrotter */ = {
			isa = PBXGroup;
			children = (
				9B8C0B0E20DB21990046379F /* AppDelegate.swift */,
				9B8C0B1220DB219A0046379F /* Main.storyboard */,
				9B8C0B1520DB219A0046379F /* Assets.xcassets */,
				9B8C0B1720DB219A0046379F /* LaunchScreen.storyboard */,
				9B8C0B1A20DB219A0046379F /* Info.plist */,
				9B61D4AF20DC6C2A00235BFC /* ConversionViewController.swift */,
				9BD18F4420E5DC2C00C582AE /* MapViewController.swift */,
			);
			path = WorldTrotter;
			sourceTree = "<group>";
		};
		9B8C0B2220DB219B0046379F /* WorldTrotterTests */ = {
			isa = PBXGroup;
			children = (
				9B8C0B2320DB219B0046379F /* WorldTrotterTests.swift */,
				9B8C0B2520DB219B0046379F /* Info.plist */,
			);
			path = WorldTrotterTests;
			sourceTree = "<group>";
		};
		9B8C0B2D20DB219B0046379F /* WorldTrotterUITests */ = {
			isa = PBXGroup;
			children = (
				9B8C0B2E20DB219B0046379F /* WorldTrotterUITests.swift */,
				9B8C0B3020DB219B0046379F /* Info.plist */,
			);
			path = WorldTrotterUITests;
			sourceTree = "<group>";
		};
/* End PBXGroup section */

/* Begin PBXNativeTarget section */
		9B8C0B0A20DB21990046379F /* WorldTrotter */ = {
			isa = PBXNativeTarget;
			buildConfigurationList = 9B8C0B3320DB219B0046379F /* Build configuration list for PBXNativeTarget "WorldTrotter" */;
			buildPhases = (
				9B8C0B0720DB21990046379F /* Sources */,
				9B8C0B0820DB21990046379F /* Frameworks */,
				9B8C0B0920DB21990046379F /* Resources */,
			);
			buildRules = (
			);
			dependencies = (
			);
			name = WorldTrotter;
			productName = WorldTrotter;
			productReference = 9B8C0B0B20DB21990046379F /* WorldTrotter.app */;
			productType = "com.apple.product-type.application";
		};
		9B8C0B1E20DB219B0046379F /* WorldTrotterTests */ = {
			isa = PBXNativeTarget;
			buildConfigurationList = 9B8C0B3620DB219B0046379F /* Build configuration list for PBXNativeTarget "WorldTrotterTests" */;
			buildPhases = (
				9B8C0B1B20DB219B0046379F /* Sources */,
				9B8C0B1C20DB219B0046379F /* Frameworks */,
				9B8C0B1D20DB219B0046379F /* Resources */,
			);
			buildRules = (
			);
			dependencies = (
				9B8C0B2120DB219B0046379F /* PBXTargetDependency */,
			);
			name = WorldTrotterTests;
			productName = WorldTrotterTests;
			productReference = 9B8C0B1F20DB219B0046379F /* WorldTrotterTests.xctest */;
			productType = "com.apple.product-type.bundle.unit-test";
		};
		9B8C0B2920DB219B0046379F /* WorldTrotterUITests */ = {
			isa = PBXNativeTarget;
			buildConfigurationList = 9B8C0B3920DB219B0046379F /* Build configuration list for PBXNativeTarget "WorldTrotterUITests" */;
			buildPhases = (
				9B8C0B2620DB219B0046379F /* Sources */,
				9B8C0B2720DB219B0046379F /* Frameworks */,
				9B8C0B2820DB219B0046379F /* Resources */,
			);
			buildRules = (
			);
			dependencies = (
				9B8C0B2C20DB219B0046379F /* PBXTargetDependency */,
			);
			name = WorldTrotterUITests;
			productName = WorldTrotterUITests;
			productReference = 9B8C0B2A20DB219B0046379F /* WorldTrotterUITests.xctest */;
			productType = "com.apple.product-type.bundle.ui-testing";
		};
/* End PBXNativeTarget section */

/* Begin PBXProject section */
		9B8C0B0320DB21990046379F /* Project object */ = {
			isa = PBXProject;
			attributes = {
				LastSwiftUpdateCheck = 0940;
				LastUpgradeCheck = 0940;
				ORGANIZATIONNAME = Soff;
				TargetAttributes = {
					9B8C0B0A20DB21990046379F = {
						CreatedOnToolsVersion = 9.4;
					};
					9B8C0B1E20DB219B0046379F = {
						CreatedOnToolsVersion = 9.4;
						TestTargetID = 9B8C0B0A20DB21990046379F;
					};
					9B8C0B2920DB219B0046379F = {
						CreatedOnToolsVersion = 9.4;
						TestTargetID = 9B8C0B0A20DB21990046379F;
					};
				};
			};
			buildConfigurationList = 9B8C0B0620DB21990046379F /* Build configuration list for PBXProject "WorldTrotter" */;
			compatibilityVersion = "Xcode 9.3";
			developmentRegion = en;
			hasScannedForEncodings = 0;
			knownRegions = (
				en,
				Base,
			);
			mainGroup = 9B8C0B0220DB21990046379F;
			productRefGroup = 9B8C0B0C20DB21990046379F /* Products */;
			projectDirPath = "";
			projectRoot = "";
			targets = (
				9B8C0B0A20DB21990046379F /* WorldTrotter */,
				9B8C0B1E20DB219B0046379F /* WorldTrotterTests */,
				9B8C0B2920DB219B0046379F /* WorldTrotterUITests */,
			);
		};
/* End PBXProject section */

/* Begin PBXResourcesBuildPhase section */
		9B8C0B0920DB21990046379F /* Resources */ = {
			isa = PBXResourcesBuildPhase;
			buildActionMask = 2147483647;
			files = (
				9B8C0B1920DB219A0046379F /* LaunchScreen.storyboard in Resources */,
				9B8C0B1620DB219A0046379F /* Assets.xcassets in Resources */,
				9B8C0B1420DB219A0046379F /* Main.storyboard in Resources */,
			);
			runOnlyForDeploymentPostprocessing = 0;
		};
		9B8C0B1D20DB219B0046379F /* Resources */ = {
			isa = PBXResourcesBuildPhase;
			buildActionMask = 2147483647;
			files = (
			);
			runOnlyForDeploymentPostprocessing = 0;
		};
		9B8C0B2820DB219B0046379F /* Resources */ = {
			isa = PBXResourcesBuildPhase;
			buildActionMask = 2147483647;
			files = (
			);
			runOnlyForDeploymentPostprocessing = 0;
		};
/* End PBXResourcesBuildPhase section */

/* Begin PBXSourcesBuildPhase section */
		9B8C0B0720DB21990046379F /* Sources */ = {
			isa = PBXSourcesBuildPhase;
			buildActionMask = 2147483647;
			files = (
				9B61D4B020DC6C2A00235BFC /* ConversionViewController.swift in Sources */,
				9B8C0B0F20DB21990046379F /* AppDelegate.swift in Sources */,
				9BD18F4520E5DC2C00C582AE /* MapViewController.swift in Sources */,
			);
			runOnlyForDeploymentPostprocessing = 0;
		};
		9B8C0B1B20DB219B0046379F /* Sources */ = {
			isa = PBXSourcesBuildPhase;
			buildActionMask = 2147483647;
			files = (
				9B8C0B2420DB219B0046379F /* WorldTrotterTests.swift in Sources */,
			);
			runOnlyForDeploymentPostprocessing = 0;
		};
		9B8C0B2620DB219B0046379F /* Sources */ = {
			isa = PBXSourcesBuildPhase;
			buildActionMask = 2147483647;
			files = (
				9B8C0B2F20DB219B0046379F /* WorldTrotterUITests.swift in Sources */,
			);
			runOnlyForDeploymentPostprocessing = 0;
		};
/* End PBXSourcesBuildPhase section */

/* Begin PBXTargetDependency section */
		9B8C0B2120DB219B0046379F /* PBXTargetDependency */ = {
			isa = PBXTargetDependency;
			target = 9B8C0B0A20DB21990046379F /* WorldTrotter */;
			targetProxy = 9B8C0B2020DB219B0046379F /* PBXContainerItemProxy */;
		};
		9B8C0B2C20DB219B0046379F /* PBXTargetDependency */ = {
			isa = PBXTargetDependency;
			target = 9B8C0B0A20DB21990046379F /* WorldTrotter */;
			targetProxy = 9B8C0B2B20DB219B0046379F /* PBXContainerItemProxy */;
		};
/* End PBXTargetDependency section */

/* Begin PBXVariantGroup section */
		9B8C0B1220DB219A0046379F /* Main.storyboard */ = {
			isa = PBXVariantGroup;
			children = (
				9B8C0B1320DB219A0046379F /* Base */,
			);
			name = Main.storyboard;
			sourceTree = "<group>";
		};
		9B8C0B1720DB219A0046379F /* LaunchScreen.storyboard */ = {
			isa = PBXVariantGroup;
			children = (
				9B8C0B1820DB219A0046379F /* Base */,
			);
			name = LaunchScreen.storyboard;
			sourceTree = "<group>";
		};
/* End PBXVariantGroup section */

/* Begin XCBuildConfiguration section */
		9B8C0B3120DB219B0046379F /* Debug */ = {
			isa = XCBuildConfiguration;
			buildSettings = {
				ALWAYS_SEARCH_USER_PATHS = NO;
				CLANG_ANALYZER_NONNULL = YES;
				CLANG_ANALYZER_NUMBER_OBJECT_CONVERSION = YES_AGGRESSIVE;
				CLANG_CXX_LANGUAGE_STANDARD = "gnu++14";
				CLANG_CXX_LIBRARY = "libc++";
				CLANG_ENABLE_MODULES = YES;
				CLANG_ENABLE_OBJC_ARC = YES;
				CLANG_ENABLE_OBJC_WEAK = YES;
				CLANG_WARN_BLOCK_CAPTURE_AUTORELEASING = YES;
				CLANG_WARN_BOOL_CONVERSION = YES;
				CLANG_WARN_COMMA = YES;
				CLANG_WARN_CONSTANT_CONVERSION = YES;
				CLANG_WARN_DEPRECATED_OBJC_IMPLEMENTATIONS = YES;
				CLANG_WARN_DIRECT_OBJC_ISA_USAGE = YES_ERROR;
				CLANG_WARN_DOCUMENTATION_COMMENTS = YES;
				CLANG_WARN_EMPTY_BODY = YES;
				CLANG_WARN_ENUM_CONVERSION = YES;
				CLANG_WARN_INFINITE_RECURSION = YES;
				CLANG_WARN_INT_CONVERSION = YES;
				CLANG_WARN_NON_LITERAL_NULL_CONVERSION = YES;
				CLANG_WARN_OBJC_IMPLICIT_RETAIN_SELF = YES;
				CLANG_WARN_OBJC_LITERAL_CONVERSION = YES;
				CLANG_WARN_OBJC_ROOT_CLASS = YES_ERROR;
				CLANG_WARN_RANGE_LOOP_ANALYSIS = YES;
				CLANG_WARN_STRICT_PROTOTYPES = YES;
				CLANG_WARN_SUSPICIOUS_MOVE = YES;
				CLANG_WARN_UNGUARDED_AVAILABILITY = YES_AGGRESSIVE;
				CLANG_WARN_UNREACHABLE_CODE = YES;
				CLANG_WARN__DUPLICATE_METHOD_MATCH = YES;
				CODE_SIGN_IDENTITY = "iPhone Developer";
				COPY_PHASE_STRIP = NO;
				DEBUG_INFORMATION_FORMAT = dwarf;
				ENABLE_STRICT_OBJC_MSGSEND = YES;
				ENABLE_TESTABILITY = YES;
				GCC_C_LANGUAGE_STANDARD = gnu11;
				GCC_DYNAMIC_NO_PIC = NO;
				GCC_NO_COMMON_BLOCKS = YES;
				GCC_OPTIMIZATION_LEVEL = 0;
				GCC_PREPROCESSOR_DEFINITIONS = (
					"DEBUG=1",
					"$(inherited)",
				);
				GCC_WARN_64_TO_32_BIT_CONVERSION = YES;
				GCC_WARN_ABOUT_RETURN_TYPE = YES_ERROR;
				GCC_WARN_UNDECLARED_SELECTOR = YES;
				GCC_WARN_UNINITIALIZED_AUTOS = YES_AGGRESSIVE;
				GCC_WARN_UNUSED_FUNCTION = YES;
				GCC_WARN_UNUSED_VARIABLE = YES;
				IPHONEOS_DEPLOYMENT_TARGET = 11.4;
				MTL_ENABLE_DEBUG_INFO = YES;
				ONLY_ACTIVE_ARCH = YES;
				SDKROOT = iphoneos;
				SWIFT_ACTIVE_COMPILATION_CONDITIONS = DEBUG;
				SWIFT_OPTIMIZATION_LEVEL = "-Onone";
			};
			name = Debug;
		};
		9B8C0B3220DB219B0046379F /* Release */ = {
			isa = XCBuildConfiguration;
			buildSettings = {
				ALWAYS_SEARCH_USER_PATHS = NO;
				CLANG_ANALYZER_NONNULL = YES;
				CLANG_ANALYZER_NUMBER_OBJECT_CONVERSION = YES_AGGRESSIVE;
				CLANG_CXX_LANGUAGE_STANDARD = "gnu++14";
				CLANG_CXX_LIBRARY = "libc++";
				CLANG_ENABLE_MODULES = YES;
				CLANG_ENABLE_OBJC_ARC = YES;
				CLANG_ENABLE_OBJC_WEAK = YES;
				CLANG_WARN_BLOCK_CAPTURE_AUTORELEASING = YES;
				CLANG_WARN_BOOL_CONVERSION = YES;
				CLANG_WARN_COMMA = YES;
				CLANG_WARN_CONSTANT_CONVERSION = YES;
				CLANG_WARN_DEPRECATED_OBJC_IMPLEMENTATIONS = YES;
				CLANG_WARN_DIRECT_OBJC_ISA_USAGE = YES_ERROR;
				CLANG_WARN_DOCUMENTATION_COMMENTS = YES;
				CLANG_WARN_EMPTY_BODY = YES;
				CLANG_WARN_ENUM_CONVERSION = YES;
				CLANG_WARN_INFINITE_RECURSION = YES;
				CLANG_WARN_INT_CONVERSION = YES;
				CLANG_WARN_NON_LITERAL_NULL_CONVERSION = YES;
				CLANG_WARN_OBJC_IMPLICIT_RETAIN_SELF = YES;
				CLANG_WARN_OBJC_LITERAL_CONVERSION = YES;
				CLANG_WARN_OBJC_ROOT_CLASS = YES_ERROR;
				CLANG_WARN_RANGE_LOOP_ANALYSIS = YES;
				CLANG_WARN_STRICT_PROTOTYPES = YES;
				CLANG_WARN_SUSPICIOUS_MOVE = YES;
				CLANG_WARN_UNGUARDED_AVAILABILITY = YES_AGGRESSIVE;
				CLANG_WARN_UNREACHABLE_CODE = YES;
				CLANG_WARN__DUPLICATE_METHOD_MATCH = YES;
				CODE_SIGN_IDENTITY = "iPhone Developer";
				COPY_PHASE_STRIP = NO;
				DEBUG_INFORMATION_FORMAT = "dwarf-with-dsym";
				ENABLE_NS_ASSERTIONS = NO;
				ENABLE_STRICT_OBJC_MSGSEND = YES;
				GCC_C_LANGUAGE_STANDARD = gnu11;
				GCC_NO_COMMON_BLOCKS = YES;
				GCC_WARN_64_TO_32_BIT_CONVERSION = YES;
				GCC_WARN_ABOUT_RETURN_TYPE = YES_ERROR;
				GCC_WARN_UNDECLARED_SELECTOR = YES;
				GCC_WARN_UNINITIALIZED_AUTOS = YES_AGGRESSIVE;
				GCC_WARN_UNUSED_FUNCTION = YES;
				GCC_WARN_UNUSED_VARIABLE = YES;
				IPHONEOS_DEPLOYMENT_TARGET = 11.4;
				MTL_ENABLE_DEBUG_INFO = NO;
				SDKROOT = iphoneos;
				SWIFT_COMPILATION_MODE = wholemodule;
				SWIFT_OPTIMIZATION_LEVEL = "-O";
				VALIDATE_PRODUCT = YES;
			};
			name = Release;
		};
		9B8C0B3420DB219B0046379F /* Debug */ = {
			isa = XCBuildConfiguration;
			buildSettings = {
				ASSETCATALOG_COMPILER_APPICON_NAME = AppIcon;
				CODE_SIGN_STYLE = Automatic;
				DEVELOPMENT_TEAM = B5424A36ZJ;
				INFOPLIST_FILE = WorldTrotter/Info.plist;
				LD_RUNPATH_SEARCH_PATHS = (
					"$(inherited)",
					"@executable_path/Frameworks",
				);
				PRODUCT_BUNDLE_IDENTIFIER = com.QuizSoff.app.ios.WorldTrotter;
				PRODUCT_NAME = "$(TARGET_NAME)";
				SWIFT_VERSION = 4.0;
				TARGETED_DEVICE_FAMILY = "1,2";
			};
			name = Debug;
		};
		9B8C0B3520DB219B0046379F /* Release */ = {
			isa = XCBuildConfiguration;
			buildSettings = {
				ASSETCATALOG_COMPILER_APPICON_NAME = AppIcon;
				CODE_SIGN_STYLE = Automatic;
				DEVELOPMENT_TEAM = B5424A36ZJ;
				INFOPLIST_FILE = WorldTrotter/Info.plist;
				LD_RUNPATH_SEARCH_PATHS = (
					"$(inherited)",
					"@executable_path/Frameworks",
				);
				PRODUCT_BUNDLE_IDENTIFIER = com.QuizSoff.app.ios.WorldTrotter;
				PRODUCT_NAME = "$(TARGET_NAME)";
				SWIFT_VERSION = 4.0;
				TARGETED_DEVICE_FAMILY = "1,2";
			};
			name = Release;
		};
		9B8C0B3720DB219B0046379F /* Debug */ = {
			isa = XCBuildConfiguration;
			buildSettings = {
				ALWAYS_EMBED_SWIFT_STANDARD_LIBRARIES = YES;
				BUNDLE_LOADER = "$(TEST_HOST)";
				CODE_SIGN_STYLE = Automatic;
				INFOPLIST_FILE = WorldTrotterTests/Info.plist;
				LD_RUNPATH_SEARCH_PATHS = (
					"$(inherited)",
					"@executable_path/Frameworks",
					"@loader_path/Frameworks",
				);
				PRODUCT_BUNDLE_IDENTIFIER = com.QuizSoff.app.ios.WorldTrotterTests;
				PRODUCT_NAME = "$(TARGET_NAME)";
				SWIFT_VERSION = 4.0;
				TARGETED_DEVICE_FAMILY = "1,2";
				TEST_HOST = "$(BUILT_PRODUCTS_DIR)/WorldTrotter.app/WorldTrotter";
			};
			name = Debug;
		};
		9B8C0B3820DB219B0046379F /* Release */ = {
			isa = XCBuildConfiguration;
			buildSettings = {
				ALWAYS_EMBED_SWIFT_STANDARD_LIBRARIES = YES;
				BUNDLE_LOADER = "$(TEST_HOST)";
				CODE_SIGN_STYLE = Automatic;
				INFOPLIST_FILE = WorldTrotterTests/Info.plist;
				LD_RUNPATH_SEARCH_PATHS = (
					"$(inherited)",
					"@executable_path/Frameworks",
					"@loader_path/Frameworks",
				);
				PRODUCT_BUNDLE_IDENTIFIER = com.QuizSoff.app.ios.WorldTrotterTests;
				PRODUCT_NAME = "$(TARGET_NAME)";
				SWIFT_VERSION = 4.0;
				TARGETED_DEVICE_FAMILY = "1,2";
				TEST_HOST = "$(BUILT_PRODUCTS_DIR)/WorldTrotter.app/WorldTrotter";
			};
			name = Release;
		};
		9B8C0B3A20DB219B0046379F /* Debug */ = {
			isa = XCBuildConfiguration;
			buildSettings = {
				ALWAYS_EMBED_SWIFT_STANDARD_LIBRARIES = YES;
				CODE_SIGN_STYLE = Automatic;
				INFOPLIST_FILE = WorldTrotterUITests/Info.plist;
				LD_RUNPATH_SEARCH_PATHS = (
					"$(inherited)",
					"@executable_path/Frameworks",
					"@loader_path/Frameworks",
				);
				PRODUCT_BUNDLE_IDENTIFIER = com.QuizSoff.app.ios.WorldTrotterUITests;
				PRODUCT_NAME = "$(TARGET_NAME)";
				SWIFT_VERSION = 4.0;
				TARGETED_DEVICE_FAMILY = "1,2";
				TEST_TARGET_NAME = WorldTrotter;
			};
			name = Debug;
		};
		9B8C0B3B20DB219B0046379F /* Release */ = {
			isa = XCBuildConfiguration;
			buildSettings = {
				ALWAYS_EMBED_SWIFT_STANDARD_LIBRARIES = YES;
				CODE_SIGN_STYLE = Automatic;
				INFOPLIST_FILE = WorldTrotterUITests/Info.plist;
				LD_RUNPATH_SEARCH_PATHS = (
					"$(inherited)",
					"@executable_path/Frameworks",
					"@loader_path/Frameworks",
				);
				PRODUCT_BUNDLE_IDENTIFIER = com.QuizSoff.app.ios.WorldTrotterUITests;
				PRODUCT_NAME = "$(TARGET_NAME)";
				SWIFT_VERSION = 4.0;
				TARGETED_DEVICE_FAMILY = "1,2";
				TEST_TARGET_NAME = WorldTrotter;
			};
			name = Release;
		};
/* End XCBuildConfiguration section */

/* Begin XCConfigurationList section */
		9B8C0B0620DB21990046379F /* Build configuration list for PBXProject "WorldTrotter" */ = {
			isa = XCConfigurationList;
			buildConfigurations = (
				9B8C0B3120DB219B0046379F /* Debug */,
				9B8C0B3220DB219B0046379F /* Release */,
			);
			defaultConfigurationIsVisible = 0;
			defaultConfigurationName = Release;
		};
		9B8C0B3320DB219B0046379F /* Build configuration list for PBXNativeTarget "WorldTrotter" */ = {
			isa = XCConfigurationList;
			buildConfigurations = (
				9B8C0B3420DB219B0046379F /* Debug */,
				9B8C0B3520DB219B0046379F /* Release */,
			);
			defaultConfigurationIsVisible = 0;
			defaultConfigurationName = Release;
		};
		9B8C0B3620DB219B0046379F /* Build configuration list for PBXNativeTarget "WorldTrotterTests" */ = {
			isa = XCConfigurationList;
			buildConfigurations = (
				9B8C0B3720DB219B0046379F /* Debug */,
				9B8C0B3820DB219B0046379F /* Release */,
			);
			defaultConfigurationIsVisible = 0;
			defaultConfigurationName = Release;
		};
		9B8C0B3920DB219B0046379F /* Build configuration list for PBXNativeTarget "WorldTrotterUITests" */ = {
			isa = XCConfigurationList;
			buildConfigurations = (
				9B8C0B3A20DB219B0046379F /* Debug */,
				9B8C0B3B20DB219B0046379F /* Release */,
			);
			defaultConfigurationIsVisible = 0;
			defaultConfigurationName = Release;
		};
/* End XCConfigurationList section */
	};
	rootObject = 9B8C0B0320DB21990046379F /* Project object */;
}
